
Microsoft Visual Studio Solution File, Format Version 12.00
# Visual Studio Version 17
VisualStudioVersion = 17.4.33103.184
MinimumVisualStudioVersion = 10.0.40219.1
Project("{FAE04EC0-301F-11D3-BF4B-00C04F79EFBC}") = "EventsAndMulticastDelegates", "EventsAndMulticastDelegates\EventsAndMulticastDelegates.csproj", "{F3850A2C-28C3-4966-BAD4-03C93C77AD41}"
EndProject
Global
	GlobalSection(SolutionConfigurationPlatforms) = preSolution
		Debug|Any CPU = Debug|Any CPU
		Release|Any CPU = Release|Any CPU
	EndGlobalSection
	GlobalSection(ProjectConfigurationPlatforms) = postSolution
		{F3850A2C-28C3-4966-BAD4-03C93C77AD41}.Debug|Any CPU.ActiveCfg = Debug|Any CPU
		{F3850A2C-28C3-4966-BAD4-03C93C77AD41}.Debug|Any CPU.Build.0 = Debug|Any CPU
		{F3850A2C-28C3-4966-BAD4-03C93C77AD41}.Release|Any CPU.ActiveCfg = Release|Any CPU
		{F3850A2C-28C3-4966-BAD4-03C93C77AD41}.Release|Any CPU.Build.0 = Release|Any CPU
	EndGlobalSection
	GlobalSection(SolutionProperties) = preSolution
		HideSolutionNode = FALSE
	EndGlobalSection
	GlobalSection(ExtensibilityGlobals) = postSolution
		SolutionGuid = {260D4E63-316B-421F-8156-F8D1FBD44509}
	EndGlobalSection
EndGlobal
